
Microsoft Visual Studio Solution File, Format Version 12.00
# Visual Studio 15
VisualStudioVersion = 15.0.28307.757
MinimumVisualStudioVersion = 10.0.40219.1
Project("{FAE04EC0-301F-11D3-BF4B-00C04F79EFBC}") = "FSCReportSite", "FSCReportSite\FSCReportSite.csproj", "{69664D75-EB0C-42D2-885B-5693D9ACCA39}"
EndProject
Global
	GlobalSection(SolutionConfigurationPlatforms) = preSolution
		Debug|Any CPU = Debug|Any CPU
		Release|Any CPU = Release|Any CPU
	EndGlobalSection
	GlobalSection(ProjectConfigurationPlatforms) = postSolution
		{69664D75-EB0C-42D2-885B-5693D9ACCA39}.Debug|Any CPU.ActiveCfg = Debug|Any CPU
		{69664D75-EB0C-42D2-885B-5693D9ACCA39}.Debug|Any CPU.Build.0 = Debug|Any CPU
		{69664D75-EB0C-42D2-885B-5693D9ACCA39}.Release|Any CPU.ActiveCfg = Release|Any CPU
		{69664D75-EB0C-42D2-885B-5693D9ACCA39}.Release|Any CPU.Build.0 = Release|Any CPU
	EndGlobalSection
	GlobalSection(SolutionProperties) = preSolution
		HideSolutionNode = FALSE
	EndGlobalSection
	GlobalSection(ExtensibilityGlobals) = postSolution
		SolutionGuid = {26C797ED-D111-439F-A687-0CEE9C1B5704}
	EndGlobalSection
EndGlobal
